// !$*UTF8*$!
{
	archiveVersion = 1;
	classes = {
	};
	objectVersion = 46;
	objects = {

/* Begin PBXBuildFile section */
		2B04AB2C19615EBF003F5302 /* Foundation.framework in Frameworks */ = {isa = PBXBuildFile; fileRef = 2B04AB2B19615EBF003F5302 /* Foundation.framework */; };
		2B04AB2E19615EBF003F5302 /* CoreGraphics.framework in Frameworks */ = {isa = PBXBuildFile; fileRef = 2B04AB2D19615EBF003F5302 /* CoreGraphics.framework */; };
		2B04AB3019615EBF003F5302 /* UIKit.framework in Frameworks */ = {isa = PBXBuildFile; fileRef = 2B04AB2F19615EBF003F5302 /* UIKit.framework */; };
		2B04AB3619615EBF003F5302 /* InfoPlist.strings in Resources */ = {isa = PBXBuildFile; fileRef = 2B04AB3419615EBF003F5302 /* InfoPlist.strings */; };
		2B04AB3819615EBF003F5302 /* main.m in Sources */ = {isa = PBXBuildFile; fileRef = 2B04AB3719615EBF003F5302 /* main.m */; };
		2B04AB3C19615EBF003F5302 /* NCTAppDelegate.m in Sources */ = {isa = PBXBuildFile; fileRef = 2B04AB3B19615EBF003F5302 /* NCTAppDelegate.m */; };
		2B04AB3E19615EBF003F5302 /* Images.xcassets in Resources */ = {isa = PBXBuildFile; fileRef = 2B04AB3D19615EBF003F5302 /* Images.xcassets */; };
		2B04AB4519615EBF003F5302 /* XCTest.framework in Frameworks */ = {isa = PBXBuildFile; fileRef = 2B04AB4419615EBF003F5302 /* XCTest.framework */; };
		2B04AB4619615EBF003F5302 /* Foundation.framework in Frameworks */ = {isa = PBXBuildFile; fileRef = 2B04AB2B19615EBF003F5302 /* Foundation.framework */; };
		2B04AB4719615EBF003F5302 /* UIKit.framework in Frameworks */ = {isa = PBXBuildFile; fileRef = 2B04AB2F19615EBF003F5302 /* UIKit.framework */; };
		2B04AB4F19615EBF003F5302 /* InfoPlist.strings in Resources */ = {isa = PBXBuildFile; fileRef = 2B04AB4D19615EBF003F5302 /* InfoPlist.strings */; };
		2B04AB5119615EBF003F5302 /* PredicadosTests.m in Sources */ = {isa = PBXBuildFile; fileRef = 2B04AB5019615EBF003F5302 /* PredicadosTests.m */; };
		2B04AB5C19616365003F5302 /* Algo.m in Sources */ = {isa = PBXBuildFile; fileRef = 2B04AB5B19616365003F5302 /* Algo.m */; };
/* End PBXBuildFile section */

/* Begin PBXContainerItemProxy section */
		2B04AB4819615EBF003F5302 /* PBXContainerItemProxy */ = {
			isa = PBXContainerItemProxy;
			containerPortal = 2B04AB2019615EBF003F5302 /* Project object */;
			proxyType = 1;
			remoteGlobalIDString = 2B04AB2719615EBF003F5302;
			remoteInfo = Predicados;
		};
/* End PBXContainerItemProxy section */

/* Begin PBXFileReference section */
		2B04AB2819615EBF003F5302 /* Predicados.app */ = {isa = PBXFileReference; explicitFileType = wrapper.application; includeInIndex = 0; path = Predicados.app; sourceTree = BUILT_PRODUCTS_DIR; };
		2B04AB2B19615EBF003F5302 /* Foundation.framework */ = {isa = PBXFileReference; lastKnownFileType = wrapper.framework; name = Foundation.framework; path = System/Library/Frameworks/Foundation.framework; sourceTree = SDKROOT; };
		2B04AB2D19615EBF003F5302 /* CoreGraphics.framework */ = {isa = PBXFileReference; lastKnownFileType = wrapper.framework; name = CoreGraphics.framework; path = System/Library/Frameworks/CoreGraphics.framework; sourceTree = SDKROOT; };
		2B04AB2F19615EBF003F5302 /* UIKit.framework */ = {isa = PBXFileReference; lastKnownFileType = wrapper.framework; name = UIKit.framework; path = System/Library/Frameworks/UIKit.framework; sourceTree = SDKROOT; };
		2B04AB3319615EBF003F5302 /* Predicados-Info.plist */ = {isa = PBXFileReference; lastKnownFileType = text.plist.xml; path = "Predicados-Info.plist"; sourceTree = "<group>"; };
		2B04AB3519615EBF003F5302 /* en */ = {isa = PBXFileReference; lastKnownFileType = text.plist.strings; name = en; path = en.lproj/InfoPlist.strings; sourceTree = "<group>"; };
		2B04AB3719615EBF003F5302 /* main.m */ = {isa = PBXFileReference; lastKnownFileType = sourcecode.c.objc; path = main.m; sourceTree = "<group>"; };
		2B04AB3919615EBF003F5302 /* Predicados-Prefix.pch */ = {isa = PBXFileReference; lastKnownFileType = sourcecode.c.h; path = "Predicados-Prefix.pch"; sourceTree = "<group>"; };
		2B04AB3A19615EBF003F5302 /* NCTAppDelegate.h */ = {isa = PBXFileReference; lastKnownFileType = sourcecode.c.h; path = NCTAppDelegate.h; sourceTree = "<group>"; };
		2B04AB3B19615EBF003F5302 /* NCTAppDelegate.m */ = {isa = PBXFileReference; lastKnownFileType = sourcecode.c.objc; path = NCTAppDelegate.m; sourceTree = "<group>"; };
		2B04AB3D19615EBF003F5302 /* Images.xcassets */ = {isa = PBXFileReference; lastKnownFileType = folder.assetcatalog; path = Images.xcassets; sourceTree = "<group>"; };
		2B04AB4319615EBF003F5302 /* PredicadosTests.xctest */ = {isa = PBXFileReference; explicitFileType = wrapper.cfbundle; includeInIndex = 0; path = PredicadosTests.xctest; sourceTree = BUILT_PRODUCTS_DIR; };
		2B04AB4419615EBF003F5302 /* XCTest.framework */ = {isa = PBXFileReference; lastKnownFileType = wrapper.framework; name = XCTest.framework; path = Library/Frameworks/XCTest.framework; sourceTree = DEVELOPER_DIR; };
		2B04AB4C19615EBF003F5302 /* PredicadosTests-Info.plist */ = {isa = PBXFileReference; lastKnownFileType = text.plist.xml; path = "PredicadosTests-Info.plist"; sourceTree = "<group>"; };
		2B04AB4E19615EBF003F5302 /* en */ = {isa = PBXFileReference; lastKnownFileType = text.plist.strings; name = en; path = en.lproj/InfoPlist.strings; sourceTree = "<group>"; };
		2B04AB5019615EBF003F5302 /* PredicadosTests.m */ = {isa = PBXFileReference; lastKnownFileType = sourcecode.c.objc; path = PredicadosTests.m; sourceTree = "<group>"; };
		2B04AB5A19616365003F5302 /* Algo.h */ = {isa = PBXFileReference; fileEncoding = 4; lastKnownFileType = sourcecode.c.h; path = Algo.h; sourceTree = "<group>"; };
		2B04AB5B19616365003F5302 /* Algo.m */ = {isa = PBXFileReference; fileEncoding = 4; lastKnownFileType = sourcecode.c.objc; path = Algo.m; sourceTree = "<group>"; };
/* End PBXFileReference section */

/* Begin PBXFrameworksBuildPhase section */
		2B04AB2519615EBF003F5302 /* Frameworks */ = {
			isa = PBXFrameworksBuildPhase;
			buildActionMask = 2147483647;
			files = (
				2B04AB2E19615EBF003F5302 /* CoreGraphics.framework in Frameworks */,
				2B04AB3019615EBF003F5302 /* UIKit.framework in Frameworks */,
				2B04AB2C19615EBF003F5302 /* Foundation.framework in Frameworks */,
			);
			runOnlyForDeploymentPostprocessing = 0;
		};
		2B04AB4019615EBF003F5302 /* Frameworks */ = {
			isa = PBXFrameworksBuildPhase;
			buildActionMask = 2147483647;
			files = (
				2B04AB4519615EBF003F5302 /* XCTest.framework in Frameworks */,
				2B04AB4719615EBF003F5302 /* UIKit.framework in Frameworks */,
				2B04AB4619615EBF003F5302 /* Foundation.framework in Frameworks */,
			);
			runOnlyForDeploymentPostprocessing = 0;
		};
/* End PBXFrameworksBuildPhase section */

/* Begin PBXGroup section */
		2B04AB1F19615EBF003F5302 = {
			isa = PBXGroup;
			children = (
				2B04AB3119615EBF003F5302 /* Predicados */,
				2B04AB4A19615EBF003F5302 /* PredicadosTests */,
				2B04AB2A19615EBF003F5302 /* Frameworks */,
				2B04AB2919615EBF003F5302 /* Products */,
			);
			sourceTree = "<group>";
		};
		2B04AB2919615EBF003F5302 /* Products */ = {
			isa = PBXGroup;
			children = (
				2B04AB2819615EBF003F5302 /* Predicados.app */,
				2B04AB4319615EBF003F5302 /* PredicadosTests.xctest */,
			);
			name = Products;
			sourceTree = "<group>";
		};
		2B04AB2A19615EBF003F5302 /* Frameworks */ = {
			isa = PBXGroup;
			children = (
				2B04AB2B19615EBF003F5302 /* Foundation.framework */,
				2B04AB2D19615EBF003F5302 /* CoreGraphics.framework */,
				2B04AB2F19615EBF003F5302 /* UIKit.framework */,
				2B04AB4419615EBF003F5302 /* XCTest.framework */,
			);
			name = Frameworks;
			sourceTree = "<group>";
		};
		2B04AB3119615EBF003F5302 /* Predicados */ = {
			isa = PBXGroup;
			children = (
				2B04AB3A19615EBF003F5302 /* NCTAppDelegate.h */,
				2B04AB3B19615EBF003F5302 /* NCTAppDelegate.m */,
				2B04AB5A19616365003F5302 /* Algo.h */,
				2B04AB5B19616365003F5302 /* Algo.m */,
				2B04AB3D19615EBF003F5302 /* Images.xcassets */,
				2B04AB3219615EBF003F5302 /* Supporting Files */,
			);
			path = Predicados;
			sourceTree = "<group>";
		};
		2B04AB3219615EBF003F5302 /* Supporting Files */ = {
			isa = PBXGroup;
			children = (
				2B04AB3319615EBF003F5302 /* Predicados-Info.plist */,
				2B04AB3419615EBF003F5302 /* InfoPlist.strings */,
				2B04AB3719615EBF003F5302 /* main.m */,
				2B04AB3919615EBF003F5302 /* Predicados-Prefix.pch */,
			);
			name = "Supporting Files";
			sourceTree = "<group>";
		};
		2B04AB4A19615EBF003F5302 /* PredicadosTests */ = {
			isa = PBXGroup;
			children = (
				2B04AB5019615EBF003F5302 /* PredicadosTests.m */,
				2B04AB4B19615EBF003F5302 /* Supporting Files */,
			);
			path = PredicadosTests;
			sourceTree = "<group>";
		};
		2B04AB4B19615EBF003F5302 /* Supporting Files */ = {
			isa = PBXGroup;
			children = (
				2B04AB4C19615EBF003F5302 /* PredicadosTests-Info.plist */,
				2B04AB4D19615EBF003F5302 /* InfoPlist.strings */,
			);
			name = "Supporting Files";
			sourceTree = "<group>";
		};
/* End PBXGroup section */

/* Begin PBXNativeTarget section */
		2B04AB2719615EBF003F5302 /* Predicados */ = {
			isa = PBXNativeTarget;
			buildConfigurationList = 2B04AB5419615EBF003F5302 /* Build configuration list for PBXNativeTarget "Predicados" */;
			buildPhases = (
				2B04AB2419615EBF003F5302 /* Sources */,
				2B04AB2519615EBF003F5302 /* Frameworks */,
				2B04AB2619615EBF003F5302 /* Resources */,
			);
			buildRules = (
			);
			dependencies = (
			);
			name = Predicados;
			productName = Predicados;
			productReference = 2B04AB2819615EBF003F5302 /* Predicados.app */;
			productType = "com.apple.product-type.application";
		};
		2B04AB4219615EBF003F5302 /* PredicadosTests */ = {
			isa = PBXNativeTarget;
			buildConfigurationList = 2B04AB5719615EBF003F5302 /* Build configuration list for PBXNativeTarget "PredicadosTests" */;
			buildPhases = (
				2B04AB3F19615EBF003F5302 /* Sources */,
				2B04AB4019615EBF003F5302 /* Frameworks */,
				2B04AB4119615EBF003F5302 /* Resources */,
			);
			buildRules = (
			);
			dependencies = (
				2B04AB4919615EBF003F5302 /* PBXTargetDependency */,
			);
			name = PredicadosTests;
			productName = PredicadosTests;
			productReference = 2B04AB4319615EBF003F5302 /* PredicadosTests.xctest */;
			productType = "com.apple.product-type.bundle.unit-test";
		};
/* End PBXNativeTarget section */

/* Begin PBXProject section */
		2B04AB2019615EBF003F5302 /* Project object */ = {
			isa = PBXProject;
			attributes = {
				CLASSPREFIX = NCT;
				LastUpgradeCheck = 0510;
				ORGANIZATIONNAME = "Nicatec Software";
				TargetAttributes = {
					2B04AB4219615EBF003F5302 = {
						TestTargetID = 2B04AB2719615EBF003F5302;
					};
				};
			};
			buildConfigurationList = 2B04AB2319615EBF003F5302 /* Build configuration list for PBXProject "Predicados" */;
			compatibilityVersion = "Xcode 3.2";
			developmentRegion = English;
			hasScannedForEncodings = 0;
			knownRegions = (
				en,
			);
			mainGroup = 2B04AB1F19615EBF003F5302;
			productRefGroup = 2B04AB2919615EBF003F5302 /* Products */;
			projectDirPath = "";
			projectRoot = "";
			targets = (
				2B04AB2719615EBF003F5302 /* Predicados */,
				2B04AB4219615EBF003F5302 /* PredicadosTests */,
			);
		};
/* End PBXProject section */

/* Begin PBXResourcesBuildPhase section */
		2B04AB2619615EBF003F5302 /* Resources */ = {
			isa = PBXResourcesBuildPhase;
			buildActionMask = 2147483647;
			files = (
				2B04AB3619615EBF003F5302 /* InfoPlist.strings in Resources */,
				2B04AB3E19615EBF003F5302 /* Images.xcassets in Resources */,
			);
			runOnlyForDeploymentPostprocessing = 0;
		};
		2B04AB4119615EBF003F5302 /* Resources */ = {
			isa = PBXResourcesBuildPhase;
			buildActionMask = 2147483647;
			files = (
				2B04AB4F19615EBF003F5302 /* InfoPlist.strings in Resources */,
			);
			runOnlyForDeploymentPostprocessing = 0;
		};
/* End PBXResourcesBuildPhase section */

/* Begin PBXSourcesBuildPhase section */
		2B04AB2419615EBF003F5302 /* Sources */ = {
			isa = PBXSourcesBuildPhase;
			buildActionMask = 2147483647;
			files = (
				2B04AB5C19616365003F5302 /* Algo.m in Sources */,
				2B04AB3C19615EBF003F5302 /* NCTAppDelegate.m in Sources */,
				2B04AB3819615EBF003F5302 /* main.m in Sources */,
			);
			runOnlyForDeploymentPostprocessing = 0;
		};
		2B04AB3F19615EBF003F5302 /* Sources */ = {
			isa = PBXSourcesBuildPhase;
			buildActionMask = 2147483647;
			files = (
				2B04AB5119615EBF003F5302 /* PredicadosTests.m in Sources */,
			);
			runOnlyForDeploymentPostprocessing = 0;
		};
/* End PBXSourcesBuildPhase section */

/* Begin PBXTargetDependency section */
		2B04AB4919615EBF003F5302 /* PBXTargetDependency */ = {
			isa = PBXTargetDependency;
			target = 2B04AB2719615EBF003F5302 /* Predicados */;
			targetProxy = 2B04AB4819615EBF003F5302 /* PBXContainerItemProxy */;
		};
/* End PBXTargetDependency section */

/* Begin PBXVariantGroup section */
		2B04AB3419615EBF003F5302 /* InfoPlist.strings */ = {
			isa = PBXVariantGroup;
			children = (
				2B04AB3519615EBF003F5302 /* en */,
			);
			name = InfoPlist.strings;
			sourceTree = "<group>";
		};
		2B04AB4D19615EBF003F5302 /* InfoPlist.strings */ = {
			isa = PBXVariantGroup;
			children = (
				2B04AB4E19615EBF003F5302 /* en */,
			);
			name = InfoPlist.strings;
			sourceTree = "<group>";
		};
/* End PBXVariantGroup section */

/* Begin XCBuildConfiguration section */
		2B04AB5219615EBF003F5302 /* Debug */ = {
			isa = XCBuildConfiguration;
			buildSettings = {
				ALWAYS_SEARCH_USER_PATHS = NO;
				CLANG_CXX_LANGUAGE_STANDARD = "gnu++0x";
				CLANG_CXX_LIBRARY = "libc++";
				CLANG_ENABLE_MODULES = YES;
				CLANG_ENABLE_OBJC_ARC = YES;
				CLANG_WARN_BOOL_CONVERSION = YES;
				CLANG_WARN_CONSTANT_CONVERSION = YES;
				CLANG_WARN_DIRECT_OBJC_ISA_USAGE = YES_ERROR;
				CLANG_WARN_EMPTY_BODY = YES;
				CLANG_WARN_ENUM_CONVERSION = YES;
				CLANG_WARN_INT_CONVERSION = YES;
				CLANG_WARN_OBJC_ROOT_CLASS = YES_ERROR;
				CLANG_WARN__DUPLICATE_METHOD_MATCH = YES;
				"CODE_SIGN_IDENTITY[sdk=iphoneos*]" = "iPhone Developer";
				COPY_PHASE_STRIP = NO;
				GCC_C_LANGUAGE_STANDARD = gnu99;
				GCC_DYNAMIC_NO_PIC = NO;
				GCC_OPTIMIZATION_LEVEL = 0;
				GCC_PREPROCESSOR_DEFINITIONS = (
					"DEBUG=1",
					"$(inherited)",
				);
				GCC_SYMBOLS_PRIVATE_EXTERN = NO;
				GCC_WARN_64_TO_32_BIT_CONVERSION = YES;
				GCC_WARN_ABOUT_RETURN_TYPE = YES_ERROR;
				GCC_WARN_UNDECLARED_SELECTOR = YES;
				GCC_WARN_UNINITIALIZED_AUTOS = YES_AGGRESSIVE;
				GCC_WARN_UNUSED_FUNCTION = YES;
				GCC_WARN_UNUSED_VARIABLE = YES;
				IPHONEOS_DEPLOYMENT_TARGET = 7.1;
				ONLY_ACTIVE_ARCH = YES;
				SDKROOT = iphoneos;
				TARGETED_DEVICE_FAMILY = "1,2";
			};
			name = Debug;
		};
		2B04AB5319615EBF003F5302 /* Release */ = {
			isa = XCBuildConfiguration;
			buildSettings = {
				ALWAYS_SEARCH_USER_PATHS = NO;
				CLANG_CXX_LANGUAGE_STANDARD = "gnu++0x";
				CLANG_CXX_LIBRARY = "libc++";
				CLANG_ENABLE_MODULES = YES;
				CLANG_ENABLE_OBJC_ARC = YES;
				CLANG_WARN_BOOL_CONVERSION = YES;
				CLANG_WARN_CONSTANT_CONVERSION = YES;
				CLANG_WARN_DIRECT_OBJC_ISA_USAGE = YES_ERROR;
				CLANG_WARN_EMPTY_BODY = YES;
				CLANG_WARN_ENUM_CONVERSION = YES;
				CLANG_WARN_INT_CONVERSION = YES;
				CLANG_WARN_OBJC_ROOT_CLASS = YES_ERROR;
				CLANG_WARN__DUPLICATE_METHOD_MATCH = YES;
				"CODE_SIGN_IDENTITY[sdk=iphoneos*]" = "iPhone Developer";
				COPY_PHASE_STRIP = YES;
				ENABLE_NS_ASSERTIONS = NO;
				GCC_C_LANGUAGE_STANDARD = gnu99;
				GCC_WARN_64_TO_32_BIT_CONVERSION = YES;
				GCC_WARN_ABOUT_RETURN_TYPE = YES_ERROR;
				GCC_WARN_UNDECLARED_SELECTOR = YES;
				GCC_WARN_UNINITIALIZED_AUTOS = YES_AGGRESSIVE;
				GCC_WARN_UNUSED_FUNCTION = YES;
				GCC_WARN_UNUSED_VARIABLE = YES;
				IPHONEOS_DEPLOYMENT_TARGET = 7.1;
				SDKROOT = iphoneos;
				TARGETED_DEVICE_FAMILY = "1,2";
				VALIDATE_PRODUCT = YES;
			};
			name = Release;
		};
		2B04AB5519615EBF003F5302 /* Debug */ = {
			isa = XCBuildConfiguration;
			buildSettings = {
				ASSETCATALOG_COMPILER_APPICON_NAME = AppIcon;
				ASSETCATALOG_COMPILER_LAUNCHIMAGE_NAME = LaunchImage;
				GCC_PRECOMPILE_PREFIX_HEADER = YES;
				GCC_PREFIX_HEADER = "Predicados/Predicados-Prefix.pch";
				INFOPLIST_FILE = "Predicados/Predicados-Info.plist";
				PRODUCT_NAME = "$(TARGET_NAME)";
				WRAPPER_EXTENSION = app;
			};
			name = Debug;
		};
		2B04AB5619615EBF003F5302 /* Release */ = {
			isa = XCBuildConfiguration;
			buildSettings = {
				ASSETCATALOG_COMPILER_APPICON_NAME = AppIcon;
				ASSETCATALOG_COMPILER_LAUNCHIMAGE_NAME = LaunchImage;
				GCC_PRECOMPILE_PREFIX_HEADER = YES;
				GCC_PREFIX_HEADER = "Predicados/Predicados-Prefix.pch";
				INFOPLIST_FILE = "Predicados/Predicados-Info.plist";
				PRODUCT_NAME = "$(TARGET_NAME)";
				WRAPPER_EXTENSION = app;
			};
			name = Release;
		};
		2B04AB5819615EBF003F5302 /* Debug */ = {
			isa = XCBuildConfiguration;
			buildSettings = {
				BUNDLE_LOADER = "$(BUILT_PRODUCTS_DIR)/Predicados.app/Predicados";
				FRAMEWORK_SEARCH_PATHS = (
					"$(SDKROOT)/Developer/Library/Frameworks",
					"$(inherited)",
					"$(DEVELOPER_FRAMEWORKS_DIR)",
				);
				GCC_PRECOMPILE_PREFIX_HEADER = YES;
				GCC_PREFIX_HEADER = "Predicados/Predicados-Prefix.pch";
				GCC_PREPROCESSOR_DEFINITIONS = (
					"DEBUG=1",
					"$(inherited)",
				);
				INFOPLIST_FILE = "PredicadosTests/PredicadosTests-Info.plist";
				PRODUCT_NAME = "$(TARGET_NAME)";
				TEST_HOST = "$(BUNDLE_LOADER)";
				WRAPPER_EXTENSION = xctest;
			};
			name = Debug;
		};
		2B04AB5919615EBF003F5302 /* Release */ = {
			isa = XCBuildConfiguration;
			buildSettings = {
				BUNDLE_LOADER = "$(BUILT_PRODUCTS_DIR)/Predicados.app/Predicados";
				FRAMEWORK_SEARCH_PATHS = (
					"$(SDKROOT)/Developer/Library/Frameworks",
					"$(inherited)",
					"$(DEVELOPER_FRAMEWORKS_DIR)",
				);
				GCC_PRECOMPILE_PREFIX_HEADER = YES;
				GCC_PREFIX_HEADER = "Predicados/Predicados-Prefix.pch";
				INFOPLIST_FILE = "PredicadosTests/PredicadosTests-Info.plist";
				PRODUCT_NAME = "$(TARGET_NAME)";
				TEST_HOST = "$(BUNDLE_LOADER)";
				WRAPPER_EXTENSION = xctest;
			};
			name = Release;
		};
/* End XCBuildConfiguration section */

/* Begin XCConfigurationList section */
		2B04AB2319615EBF003F5302 /* Build configuration list for PBXProject "Predicados" */ = {
			isa = XCConfigurationList;
			buildConfigurations = (
				2B04AB5219615EBF003F5302 /* Debug */,
				2B04AB5319615EBF003F5302 /* Release */,
			);
			defaultConfigurationIsVisible = 0;
			defaultConfigurationName = Release;
		};
		2B04AB5419615EBF003F5302 /* Build configuration list for PBXNativeTarget "Predicados" */ = {
			isa = XCConfigurationList;
			buildConfigurations = (
				2B04AB5519615EBF003F5302 /* Debug */,
				2B04AB5619615EBF003F5302 /* Release */,
			);
			defaultConfigurationIsVisible = 0;
		};
		2B04AB5719615EBF003F5302 /* Build configuration list for PBXNativeTarget "PredicadosTests" */ = {
			isa = XCConfigurationList;
			buildConfigurations = (
				2B04AB5819615EBF003F5302 /* Debug */,
				2B04AB5919615EBF003F5302 /* Release */,
			);
			defaultConfigurationIsVisible = 0;
		};
/* End XCConfigurationList section */
	};
	rootObject = 2B04AB2019615EBF003F5302 /* Project object */;
}
